
Microsoft Visual Studio Solution File, Format Version 12.00
# Visual Studio Version 17
VisualStudioVersion = 17.5.002.0
MinimumVisualStudioVersion = 10.0.40219.1
Project("{2150E333-8FDC-42A3-9474-1A3956D46DE8}") = "lesson01", "lesson01", "{58935C89-D60A-4E0C-BCBB-C64976088A49}"
EndProject
Project("{9A19103F-16F7-4668-BE54-9A1E7A4F7556}") = "Task1", "lesson01\Task1\Task1.csproj", "{3A3A7932-2D33-45ED-A6D7-72CBBC9B43BD}"
EndProject
Global
	GlobalSection(SolutionConfigurationPlatforms) = preSolution
		Debug|Any CPU = Debug|Any CPU
		Release|Any CPU = Release|Any CPU
	EndGlobalSection
	GlobalSection(ProjectConfigurationPlatforms) = postSolution
		{3A3A7932-2D33-45ED-A6D7-72CBBC9B43BD}.Debug|Any CPU.ActiveCfg = Debug|Any CPU
		{3A3A7932-2D33-45ED-A6D7-72CBBC9B43BD}.Debug|Any CPU.Build.0 = Debug|Any CPU
		{3A3A7932-2D33-45ED-A6D7-72CBBC9B43BD}.Release|Any CPU.ActiveCfg = Release|Any CPU
		{3A3A7932-2D33-45ED-A6D7-72CBBC9B43BD}.Release|Any CPU.Build.0 = Release|Any CPU
	EndGlobalSection
	GlobalSection(SolutionProperties) = preSolution
		HideSolutionNode = FALSE
	EndGlobalSection
	GlobalSection(NestedProjects) = preSolution
		{3A3A7932-2D33-45ED-A6D7-72CBBC9B43BD} = {58935C89-D60A-4E0C-BCBB-C64976088A49}
	EndGlobalSection
	GlobalSection(ExtensibilityGlobals) = postSolution
		SolutionGuid = {6761BDF1-26EF-41BF-BAFD-4C1A64078317}
	EndGlobalSection
EndGlobal
